
Microsoft Visual Studio Solution File, Format Version 12.00
# Visual Studio Version 17
VisualStudioVersion = 17.5.33627.172
MinimumVisualStudioVersion = 10.0.40219.1
Project("{2150E333-8FDC-42A3-9474-1A3956D46DE8}") = "src", "src", "{ED5EE3F2-6746-4CAF-A790-C8EE157E8C90}"
EndProject
Project("{2150E333-8FDC-42A3-9474-1A3956D46DE8}") = "DomainEntities", "DomainEntities", "{A0E8A813-D1F0-43E7-A64F-867ADABA8EB9}"
EndProject
Project("{2150E333-8FDC-42A3-9474-1A3956D46DE8}") = "DomainServices", "DomainServices", "{A33DE81E-83BA-473A-84FA-E1FA445D5AD3}"
EndProject
Project("{9A19103F-16F7-4668-BE54-9A1E7A4F7556}") = "StoreBasicCRUD.SQLServer_Entities", "StoreBasicCRUD.SQLServer_Entities\StoreBasicCRUD.SQLServer_Entities.csproj", "{E295452B-985B-4863-B094-6385C433E3DF}"
EndProject
Project("{9A19103F-16F7-4668-BE54-9A1E7A4F7556}") = "StoreBasicCRUD.Utilities", "StoreBasicCRUD.Utilities\StoreBasicCRUD.Utilities.csproj", "{90E11EE4-2F71-4318-9238-89687786E699}"
EndProject
Project("{9A19103F-16F7-4668-BE54-9A1E7A4F7556}") = "StoreBasicCRUD.SharedCoreStructure", "StoreBasicCRUD.SharedCoreStructure\StoreBasicCRUD.SharedCoreStructure.csproj", "{FE54A06D-DE12-42A3-863C-868BFAD32E1E}"
EndProject
Project("{9A19103F-16F7-4668-BE54-9A1E7A4F7556}") = "StoreBasicCRUD.ApplicationCoreStructure", "StoreBasicCRUD.ApplicationCoreStructure\StoreBasicCRUD.ApplicationCoreStructure.csproj", "{9A5448BB-5430-4674-86E1-9849F7BF74FF}"
EndProject
Project("{2150E333-8FDC-42A3-9474-1A3956D46DE8}") = "FrameworkDrivers", "FrameworkDrivers", "{06E75804-B5EC-4EA8-A83C-4F511069D192}"
EndProject
Project("{9A19103F-16F7-4668-BE54-9A1E7A4F7556}") = "StoreBasicCRUD.FrameworkDriversPackages", "StoreBasicCRUD.FrameworkDriversPackages\StoreBasicCRUD.FrameworkDriversPackages.csproj", "{F100F1EE-B236-465E-BB0B-2C9401FF552B}"
EndProject
Project("{9A19103F-16F7-4668-BE54-9A1E7A4F7556}") = "StoreBasicCRUD.ControllersCoreStructure", "StoreBasicCRUD.ControllersCoreStructure\StoreBasicCRUD.ControllersCoreStructure.csproj", "{FCE16928-E5DE-4838-A080-3893D3267144}"
EndProject
Project("{2150E333-8FDC-42A3-9474-1A3956D46DE8}") = "Infraestructure", "Infraestructure", "{495D0157-2115-4F7D-B917-BB4252238643}"
EndProject
Project("{2150E333-8FDC-42A3-9474-1A3956D46DE8}") = "Application", "Application", "{B1CD4670-8F37-4788-AF46-871DF0415B9B}"
EndProject
Project("{2150E333-8FDC-42A3-9474-1A3956D46DE8}") = "Controllers", "Controllers", "{D26B5022-1320-4C60-BCFD-D249B9C0587E}"
EndProject
Project("{9A19103F-16F7-4668-BE54-9A1E7A4F7556}") = "StoreBasicCRUD.Persistence_SQLServer", "StoreBasicCRUD.Persistence_SQLServer\StoreBasicCRUD.Persistence_SQLServer.csproj", "{2D85CA8F-59AE-4DC9-9163-1E577BC9BC7C}"
EndProject
Project("{9A19103F-16F7-4668-BE54-9A1E7A4F7556}") = "StoreBasicCRUD.ApplicationServices", "StoreBasicCRUD.ApplicationServices\StoreBasicCRUD.ApplicationServices.csproj", "{ABD4E85F-1A6C-4A59-A7B2-F6DC02BCEA96}"
EndProject
Project("{9A19103F-16F7-4668-BE54-9A1E7A4F7556}") = "StoreBasicCRUD.WebApi", "StoreBasicCRUD.WebApi\StoreBasicCRUD.WebApi.csproj", "{40CEFD4B-5D49-4726-9C60-3A334B05D16D}"
EndProject
Project("{2150E333-8FDC-42A3-9474-1A3956D46DE8}") = "WebClient", "WebClient", "{88A97F75-26BB-47AE-80BB-B37C9C0763B3}"
EndProject
Project("{9A19103F-16F7-4668-BE54-9A1E7A4F7556}") = "StoreBasicCRUD.BlazorCoreStructure", "StoreBasicCRUD.BlazorCoreStructure\StoreBasicCRUD.BlazorCoreStructure.csproj", "{BDEC9736-9400-4360-B31A-9378B811438D}"
EndProject
Project("{9A19103F-16F7-4668-BE54-9A1E7A4F7556}") = "StoreBasicCRUD.BlazorWebClient", "StoreBasicCRUD.BlazorWebClient\StoreBasicCRUD.BlazorWebClient.csproj", "{E3D1ADC8-1502-4B82-B703-7766AC06445F}"
EndProject
Project("{2150E333-8FDC-42A3-9474-1A3956D46DE8}") = "DB_Script", "DB_Script", "{B7D616CA-B88E-462D-81D1-088101F90B02}"
	ProjectSection(SolutionItems) = preProject
		..\..\..\..\Desktop\db_TechnicalTest\StoreBasicCrud_DB.sql = ..\..\..\..\Desktop\db_TechnicalTest\StoreBasicCrud_DB.sql
	EndProjectSection
EndProject
Global
	GlobalSection(SolutionConfigurationPlatforms) = preSolution
		Debug|Any CPU = Debug|Any CPU
		Release|Any CPU = Release|Any CPU
	EndGlobalSection
	GlobalSection(ProjectConfigurationPlatforms) = postSolution
		{E295452B-985B-4863-B094-6385C433E3DF}.Debug|Any CPU.ActiveCfg = Debug|Any CPU
		{E295452B-985B-4863-B094-6385C433E3DF}.Debug|Any CPU.Build.0 = Debug|Any CPU
		{E295452B-985B-4863-B094-6385C433E3DF}.Release|Any CPU.ActiveCfg = Release|Any CPU
		{E295452B-985B-4863-B094-6385C433E3DF}.Release|Any CPU.Build.0 = Release|Any CPU
		{90E11EE4-2F71-4318-9238-89687786E699}.Debug|Any CPU.ActiveCfg = Debug|Any CPU
		{90E11EE4-2F71-4318-9238-89687786E699}.Debug|Any CPU.Build.0 = Debug|Any CPU
		{90E11EE4-2F71-4318-9238-89687786E699}.Release|Any CPU.ActiveCfg = Release|Any CPU
		{90E11EE4-2F71-4318-9238-89687786E699}.Release|Any CPU.Build.0 = Release|Any CPU
		{FE54A06D-DE12-42A3-863C-868BFAD32E1E}.Debug|Any CPU.ActiveCfg = Debug|Any CPU
		{FE54A06D-DE12-42A3-863C-868BFAD32E1E}.Debug|Any CPU.Build.0 = Debug|Any CPU
		{FE54A06D-DE12-42A3-863C-868BFAD32E1E}.Release|Any CPU.ActiveCfg = Release|Any CPU
		{FE54A06D-DE12-42A3-863C-868BFAD32E1E}.Release|Any CPU.Build.0 = Release|Any CPU
		{9A5448BB-5430-4674-86E1-9849F7BF74FF}.Debug|Any CPU.ActiveCfg = Debug|Any CPU
		{9A5448BB-5430-4674-86E1-9849F7BF74FF}.Debug|Any CPU.Build.0 = Debug|Any CPU
		{9A5448BB-5430-4674-86E1-9849F7BF74FF}.Release|Any CPU.ActiveCfg = Release|Any CPU
		{9A5448BB-5430-4674-86E1-9849F7BF74FF}.Release|Any CPU.Build.0 = Release|Any CPU
		{F100F1EE-B236-465E-BB0B-2C9401FF552B}.Debug|Any CPU.ActiveCfg = Debug|Any CPU
		{F100F1EE-B236-465E-BB0B-2C9401FF552B}.Debug|Any CPU.Build.0 = Debug|Any CPU
		{F100F1EE-B236-465E-BB0B-2C9401FF552B}.Release|Any CPU.ActiveCfg = Release|Any CPU
		{F100F1EE-B236-465E-BB0B-2C9401FF552B}.Release|Any CPU.Build.0 = Release|Any CPU
		{FCE16928-E5DE-4838-A080-3893D3267144}.Debug|Any CPU.ActiveCfg = Debug|Any CPU
		{FCE16928-E5DE-4838-A080-3893D3267144}.Debug|Any CPU.Build.0 = Debug|Any CPU
		{FCE16928-E5DE-4838-A080-3893D3267144}.Release|Any CPU.ActiveCfg = Release|Any CPU
		{FCE16928-E5DE-4838-A080-3893D3267144}.Release|Any CPU.Build.0 = Release|Any CPU
		{2D85CA8F-59AE-4DC9-9163-1E577BC9BC7C}.Debug|Any CPU.ActiveCfg = Debug|Any CPU
		{2D85CA8F-59AE-4DC9-9163-1E577BC9BC7C}.Debug|Any CPU.Build.0 = Debug|Any CPU
		{2D85CA8F-59AE-4DC9-9163-1E577BC9BC7C}.Release|Any CPU.ActiveCfg = Release|Any CPU
		{2D85CA8F-59AE-4DC9-9163-1E577BC9BC7C}.Release|Any CPU.Build.0 = Release|Any CPU
		{ABD4E85F-1A6C-4A59-A7B2-F6DC02BCEA96}.Debug|Any CPU.ActiveCfg = Debug|Any CPU
		{ABD4E85F-1A6C-4A59-A7B2-F6DC02BCEA96}.Debug|Any CPU.Build.0 = Debug|Any CPU
		{ABD4E85F-1A6C-4A59-A7B2-F6DC02BCEA96}.Release|Any CPU.ActiveCfg = Release|Any CPU
		{ABD4E85F-1A6C-4A59-A7B2-F6DC02BCEA96}.Release|Any CPU.Build.0 = Release|Any CPU
		{40CEFD4B-5D49-4726-9C60-3A334B05D16D}.Debug|Any CPU.ActiveCfg = Debug|Any CPU
		{40CEFD4B-5D49-4726-9C60-3A334B05D16D}.Debug|Any CPU.Build.0 = Debug|Any CPU
		{40CEFD4B-5D49-4726-9C60-3A334B05D16D}.Release|Any CPU.ActiveCfg = Release|Any CPU
		{40CEFD4B-5D49-4726-9C60-3A334B05D16D}.Release|Any CPU.Build.0 = Release|Any CPU
		{BDEC9736-9400-4360-B31A-9378B811438D}.Debug|Any CPU.ActiveCfg = Debug|Any CPU
		{BDEC9736-9400-4360-B31A-9378B811438D}.Debug|Any CPU.Build.0 = Debug|Any CPU
		{BDEC9736-9400-4360-B31A-9378B811438D}.Release|Any CPU.ActiveCfg = Release|Any CPU
		{BDEC9736-9400-4360-B31A-9378B811438D}.Release|Any CPU.Build.0 = Release|Any CPU
		{E3D1ADC8-1502-4B82-B703-7766AC06445F}.Debug|Any CPU.ActiveCfg = Debug|Any CPU
		{E3D1ADC8-1502-4B82-B703-7766AC06445F}.Debug|Any CPU.Build.0 = Debug|Any CPU
		{E3D1ADC8-1502-4B82-B703-7766AC06445F}.Release|Any CPU.ActiveCfg = Release|Any CPU
		{E3D1ADC8-1502-4B82-B703-7766AC06445F}.Release|Any CPU.Build.0 = Release|Any CPU
	EndGlobalSection
	GlobalSection(SolutionProperties) = preSolution
		HideSolutionNode = FALSE
	EndGlobalSection
	GlobalSection(NestedProjects) = preSolution
		{A0E8A813-D1F0-43E7-A64F-867ADABA8EB9} = {ED5EE3F2-6746-4CAF-A790-C8EE157E8C90}
		{A33DE81E-83BA-473A-84FA-E1FA445D5AD3} = {ED5EE3F2-6746-4CAF-A790-C8EE157E8C90}
		{E295452B-985B-4863-B094-6385C433E3DF} = {A0E8A813-D1F0-43E7-A64F-867ADABA8EB9}
		{90E11EE4-2F71-4318-9238-89687786E699} = {A33DE81E-83BA-473A-84FA-E1FA445D5AD3}
		{FE54A06D-DE12-42A3-863C-868BFAD32E1E} = {A33DE81E-83BA-473A-84FA-E1FA445D5AD3}
		{9A5448BB-5430-4674-86E1-9849F7BF74FF} = {A33DE81E-83BA-473A-84FA-E1FA445D5AD3}
		{06E75804-B5EC-4EA8-A83C-4F511069D192} = {ED5EE3F2-6746-4CAF-A790-C8EE157E8C90}
		{F100F1EE-B236-465E-BB0B-2C9401FF552B} = {06E75804-B5EC-4EA8-A83C-4F511069D192}
		{FCE16928-E5DE-4838-A080-3893D3267144} = {A33DE81E-83BA-473A-84FA-E1FA445D5AD3}
		{495D0157-2115-4F7D-B917-BB4252238643} = {ED5EE3F2-6746-4CAF-A790-C8EE157E8C90}
		{B1CD4670-8F37-4788-AF46-871DF0415B9B} = {ED5EE3F2-6746-4CAF-A790-C8EE157E8C90}
		{D26B5022-1320-4C60-BCFD-D249B9C0587E} = {ED5EE3F2-6746-4CAF-A790-C8EE157E8C90}
		{2D85CA8F-59AE-4DC9-9163-1E577BC9BC7C} = {495D0157-2115-4F7D-B917-BB4252238643}
		{ABD4E85F-1A6C-4A59-A7B2-F6DC02BCEA96} = {B1CD4670-8F37-4788-AF46-871DF0415B9B}
		{40CEFD4B-5D49-4726-9C60-3A334B05D16D} = {D26B5022-1320-4C60-BCFD-D249B9C0587E}
		{88A97F75-26BB-47AE-80BB-B37C9C0763B3} = {ED5EE3F2-6746-4CAF-A790-C8EE157E8C90}
		{BDEC9736-9400-4360-B31A-9378B811438D} = {88A97F75-26BB-47AE-80BB-B37C9C0763B3}
		{E3D1ADC8-1502-4B82-B703-7766AC06445F} = {88A97F75-26BB-47AE-80BB-B37C9C0763B3}
	EndGlobalSection
	GlobalSection(ExtensibilityGlobals) = postSolution
		SolutionGuid = {001F6D89-DB4F-4907-A34A-2D0B7E6A7F4B}
	EndGlobalSection
EndGlobal
