
Microsoft Visual Studio Solution File, Format Version 12.00
# Visual Studio Version 17
VisualStudioVersion = 17.5.33414.496
MinimumVisualStudioVersion = 10.0.40219.1
Project("{2150E333-8FDC-42A3-9474-1A3956D46DE8}") = "src", "src", "{3992CE23-1B62-450F-AB80-6A0F14767075}"
EndProject
Project("{2150E333-8FDC-42A3-9474-1A3956D46DE8}") = "test", "test", "{5AE69203-AE46-4E97-B6FD-77E4E3DDFE41}"
EndProject
Project("{9A19103F-16F7-4668-BE54-9A1E7A4F7556}") = "POS.Application", "POS.Application\POS.Application.csproj", "{F4F5ADC0-6625-4F00-A089-592340BFF8A9}"
EndProject
Project("{9A19103F-16F7-4668-BE54-9A1E7A4F7556}") = "POS.Infraestructure", "POS.Infraestructure\POS.Infraestructure.csproj", "{21DC339E-C1DB-48FF-B67E-9B19F5F54F5C}"
EndProject
Project("{9A19103F-16F7-4668-BE54-9A1E7A4F7556}") = "POS.Persistence", "POS.Persistence\POS.Persistence.csproj", "{93F4AA0D-738D-40C8-9BC6-817E1AEF25C0}"
EndProject
Project("{9A19103F-16F7-4668-BE54-9A1E7A4F7556}") = "POS.Utilities", "POS.Utilities\POS.Utilities.csproj", "{D4C9446E-1A60-4203-A636-36F305CCD357}"
EndProject
Project("{9A19103F-16F7-4668-BE54-9A1E7A4F7556}") = "POS.WebApi", "POS.WebApi\POS.WebApi.csproj", "{A756BD4C-3E5A-40C3-B92E-7B7720F112A3}"
EndProject
Project("{9A19103F-16F7-4668-BE54-9A1E7A4F7556}") = "POS.DomainSqlServer", "POS.DomainSqlServer\POS.DomainSqlServer.csproj", "{465E53A0-F603-4C88-8798-0685339A20FA}"
EndProject
Project("{9A19103F-16F7-4668-BE54-9A1E7A4F7556}") = "POS.Interactor", "POS.Interactor\POS.Interactor.csproj", "{B58D569D-B4F0-486C-BE6A-FE37594AE7A8}"
EndProject
Project("{9A19103F-16F7-4668-BE54-9A1E7A4F7556}") = "POS.Tools", "POS.Tools\POS.Tools.csproj", "{23367D37-C25F-46DB-997C-CC4F9602B811}"
EndProject
Project("{9A19103F-16F7-4668-BE54-9A1E7A4F7556}") = "POS.Test", "POS.Test\POS.Test.csproj", "{6F61DA78-D6E5-40CF-9D25-D10CED14E443}"
EndProject
Global
	GlobalSection(SolutionConfigurationPlatforms) = preSolution
		Debug|Any CPU = Debug|Any CPU
		Release|Any CPU = Release|Any CPU
	EndGlobalSection
	GlobalSection(ProjectConfigurationPlatforms) = postSolution
		{F4F5ADC0-6625-4F00-A089-592340BFF8A9}.Debug|Any CPU.ActiveCfg = Debug|Any CPU
		{F4F5ADC0-6625-4F00-A089-592340BFF8A9}.Debug|Any CPU.Build.0 = Debug|Any CPU
		{F4F5ADC0-6625-4F00-A089-592340BFF8A9}.Release|Any CPU.ActiveCfg = Release|Any CPU
		{F4F5ADC0-6625-4F00-A089-592340BFF8A9}.Release|Any CPU.Build.0 = Release|Any CPU
		{21DC339E-C1DB-48FF-B67E-9B19F5F54F5C}.Debug|Any CPU.ActiveCfg = Debug|Any CPU
		{21DC339E-C1DB-48FF-B67E-9B19F5F54F5C}.Debug|Any CPU.Build.0 = Debug|Any CPU
		{21DC339E-C1DB-48FF-B67E-9B19F5F54F5C}.Release|Any CPU.ActiveCfg = Release|Any CPU
		{21DC339E-C1DB-48FF-B67E-9B19F5F54F5C}.Release|Any CPU.Build.0 = Release|Any CPU
		{93F4AA0D-738D-40C8-9BC6-817E1AEF25C0}.Debug|Any CPU.ActiveCfg = Debug|Any CPU
		{93F4AA0D-738D-40C8-9BC6-817E1AEF25C0}.Debug|Any CPU.Build.0 = Debug|Any CPU
		{93F4AA0D-738D-40C8-9BC6-817E1AEF25C0}.Release|Any CPU.ActiveCfg = Release|Any CPU
		{93F4AA0D-738D-40C8-9BC6-817E1AEF25C0}.Release|Any CPU.Build.0 = Release|Any CPU
		{D4C9446E-1A60-4203-A636-36F305CCD357}.Debug|Any CPU.ActiveCfg = Debug|Any CPU
		{D4C9446E-1A60-4203-A636-36F305CCD357}.Debug|Any CPU.Build.0 = Debug|Any CPU
		{D4C9446E-1A60-4203-A636-36F305CCD357}.Release|Any CPU.ActiveCfg = Release|Any CPU
		{D4C9446E-1A60-4203-A636-36F305CCD357}.Release|Any CPU.Build.0 = Release|Any CPU
		{A756BD4C-3E5A-40C3-B92E-7B7720F112A3}.Debug|Any CPU.ActiveCfg = Debug|Any CPU
		{A756BD4C-3E5A-40C3-B92E-7B7720F112A3}.Debug|Any CPU.Build.0 = Debug|Any CPU
		{A756BD4C-3E5A-40C3-B92E-7B7720F112A3}.Release|Any CPU.ActiveCfg = Release|Any CPU
		{A756BD4C-3E5A-40C3-B92E-7B7720F112A3}.Release|Any CPU.Build.0 = Release|Any CPU
		{465E53A0-F603-4C88-8798-0685339A20FA}.Debug|Any CPU.ActiveCfg = Debug|Any CPU
		{465E53A0-F603-4C88-8798-0685339A20FA}.Debug|Any CPU.Build.0 = Debug|Any CPU
		{465E53A0-F603-4C88-8798-0685339A20FA}.Release|Any CPU.ActiveCfg = Release|Any CPU
		{465E53A0-F603-4C88-8798-0685339A20FA}.Release|Any CPU.Build.0 = Release|Any CPU
		{B58D569D-B4F0-486C-BE6A-FE37594AE7A8}.Debug|Any CPU.ActiveCfg = Debug|Any CPU
		{B58D569D-B4F0-486C-BE6A-FE37594AE7A8}.Debug|Any CPU.Build.0 = Debug|Any CPU
		{B58D569D-B4F0-486C-BE6A-FE37594AE7A8}.Release|Any CPU.ActiveCfg = Release|Any CPU
		{B58D569D-B4F0-486C-BE6A-FE37594AE7A8}.Release|Any CPU.Build.0 = Release|Any CPU
		{23367D37-C25F-46DB-997C-CC4F9602B811}.Debug|Any CPU.ActiveCfg = Debug|Any CPU
		{23367D37-C25F-46DB-997C-CC4F9602B811}.Debug|Any CPU.Build.0 = Debug|Any CPU
		{23367D37-C25F-46DB-997C-CC4F9602B811}.Release|Any CPU.ActiveCfg = Release|Any CPU
		{23367D37-C25F-46DB-997C-CC4F9602B811}.Release|Any CPU.Build.0 = Release|Any CPU
		{6F61DA78-D6E5-40CF-9D25-D10CED14E443}.Debug|Any CPU.ActiveCfg = Debug|Any CPU
		{6F61DA78-D6E5-40CF-9D25-D10CED14E443}.Debug|Any CPU.Build.0 = Debug|Any CPU
		{6F61DA78-D6E5-40CF-9D25-D10CED14E443}.Release|Any CPU.ActiveCfg = Release|Any CPU
		{6F61DA78-D6E5-40CF-9D25-D10CED14E443}.Release|Any CPU.Build.0 = Release|Any CPU
	EndGlobalSection
	GlobalSection(SolutionProperties) = preSolution
		HideSolutionNode = FALSE
	EndGlobalSection
	GlobalSection(NestedProjects) = preSolution
		{F4F5ADC0-6625-4F00-A089-592340BFF8A9} = {3992CE23-1B62-450F-AB80-6A0F14767075}
		{21DC339E-C1DB-48FF-B67E-9B19F5F54F5C} = {3992CE23-1B62-450F-AB80-6A0F14767075}
		{93F4AA0D-738D-40C8-9BC6-817E1AEF25C0} = {3992CE23-1B62-450F-AB80-6A0F14767075}
		{D4C9446E-1A60-4203-A636-36F305CCD357} = {3992CE23-1B62-450F-AB80-6A0F14767075}
		{A756BD4C-3E5A-40C3-B92E-7B7720F112A3} = {3992CE23-1B62-450F-AB80-6A0F14767075}
		{465E53A0-F603-4C88-8798-0685339A20FA} = {3992CE23-1B62-450F-AB80-6A0F14767075}
		{B58D569D-B4F0-486C-BE6A-FE37594AE7A8} = {3992CE23-1B62-450F-AB80-6A0F14767075}
		{23367D37-C25F-46DB-997C-CC4F9602B811} = {3992CE23-1B62-450F-AB80-6A0F14767075}
		{6F61DA78-D6E5-40CF-9D25-D10CED14E443} = {5AE69203-AE46-4E97-B6FD-77E4E3DDFE41}
	EndGlobalSection
	GlobalSection(ExtensibilityGlobals) = postSolution
		SolutionGuid = {B1F5C3CA-C85A-4647-9915-0DCEFA4A15DB}
	EndGlobalSection
EndGlobal
